// !$*UTF8*$!
{
	archiveVersion = 1;
	classes = {
	};
	objectVersion = 56;
	objects = {

/* Begin PBXBuildFile section */
		8A76D3F82BD25DC1000DFA8B /* ColoredSymbolProvider.swift in Sources */ = {isa = PBXBuildFile; fileRef = 8A76D3F72BD25DC1000DFA8B /* ColoredSymbolProvider.swift */; };
		8A76D3FC2BD5EA3C000DFA8B /* SnapshotCreatable.swift in Sources */ = {isa = PBXBuildFile; fileRef = 8A76D3FB2BD5EA3C000DFA8B /* SnapshotCreatable.swift */; };
		8A76D3FF2BD5EAEB000DFA8B /* TextImageCreatable.swift in Sources */ = {isa = PBXBuildFile; fileRef = 8A76D3FE2BD5EAEB000DFA8B /* TextImageCreatable.swift */; };
		8A76D4032BD5EC0D000DFA8B /* ColoredSymbolProtocol.swift in Sources */ = {isa = PBXBuildFile; fileRef = 8A76D4022BD5EC0D000DFA8B /* ColoredSymbolProtocol.swift */; };
		8A76D4062BD5F031000DFA8B /* MarkerImageModel.xcdatamodeld in Sources */ = {isa = PBXBuildFile; fileRef = 8A76D4042BD5F031000DFA8B /* MarkerImageModel.xcdatamodeld */; };
		8A76D4082BD5F73F000DFA8B /* MarkerImageCoreData.swift in Sources */ = {isa = PBXBuildFile; fileRef = 8A76D4072BD5F73F000DFA8B /* MarkerImageCoreData.swift */; };
		8A76D40B2BD5F956000DFA8B /* MarkerImageMO+CoreDataClass.swift in Sources */ = {isa = PBXBuildFile; fileRef = 8A76D4092BD5F956000DFA8B /* MarkerImageMO+CoreDataClass.swift */; };
		8A76D40C2BD5F956000DFA8B /* MarkerImageMO+CoreDataProperties.swift in Sources */ = {isa = PBXBuildFile; fileRef = 8A76D40A2BD5F956000DFA8B /* MarkerImageMO+CoreDataProperties.swift */; };
		8A76D40F2BD6228A000DFA8B /* MarkerImageManager.swift in Sources */ = {isa = PBXBuildFile; fileRef = 8A76D40E2BD6228A000DFA8B /* MarkerImageManager.swift */; };
		8A76D4112BD62D0F000DFA8B /* PhotoUploadViewController.swift in Sources */ = {isa = PBXBuildFile; fileRef = 8A76D4102BD62D0F000DFA8B /* PhotoUploadViewController.swift */; };
		8A76D4142BD62EF9000DFA8B /* MarkerRegistrationView.swift in Sources */ = {isa = PBXBuildFile; fileRef = 8A76D4132BD62EF9000DFA8B /* MarkerRegistrationView.swift */; };
		8A76D4162BD65519000DFA8B /* MarkerImageCollectionViewController.swift in Sources */ = {isa = PBXBuildFile; fileRef = 8A76D4152BD65519000DFA8B /* MarkerImageCollectionViewController.swift */; };
		8A76D41A2BD79795000DFA8B /* MarkerImageMO+Mapping.swift in Sources */ = {isa = PBXBuildFile; fileRef = 8A76D4192BD79795000DFA8B /* MarkerImageMO+Mapping.swift */; };
		8A7FAB912BCE371400C64AF0 /* AppDelegate.swift in Sources */ = {isa = PBXBuildFile; fileRef = 8A7FAB902BCE371400C64AF0 /* AppDelegate.swift */; };
		8A7FAB932BCE371400C64AF0 /* SceneDelegate.swift in Sources */ = {isa = PBXBuildFile; fileRef = 8A7FAB922BCE371400C64AF0 /* SceneDelegate.swift */; };
		8A7FAB9A2BCE371500C64AF0 /* Assets.xcassets in Resources */ = {isa = PBXBuildFile; fileRef = 8A7FAB992BCE371500C64AF0 /* Assets.xcassets */; };
		8A7FAB9D2BCE371500C64AF0 /* Base in Resources */ = {isa = PBXBuildFile; fileRef = 8A7FAB9C2BCE371500C64AF0 /* Base */; };
		8A7FABA92BCE3F2300C64AF0 /* AGITabBarController.swift in Sources */ = {isa = PBXBuildFile; fileRef = 8A7FABA82BCE3F2300C64AF0 /* AGITabBarController.swift */; };
		8A7FABAF2BCE41A200C64AF0 /* MarkerRegistrationViewController.swift in Sources */ = {isa = PBXBuildFile; fileRef = 8A7FABAE2BCE41A200C64AF0 /* MarkerRegistrationViewController.swift */; };
		8A7FABB22BCE41BD00C64AF0 /* ImageDetectionViewController.swift in Sources */ = {isa = PBXBuildFile; fileRef = 8A7FABB12BCE41BD00C64AF0 /* ImageDetectionViewController.swift */; };
		8A7FABB62BCE474300C64AF0 /* MarkerImage.swift in Sources */ = {isa = PBXBuildFile; fileRef = 8A7FABB52BCE474300C64AF0 /* MarkerImage.swift */; };
		8A7FABB92BCE526B00C64AF0 /* NetworkManager.swift in Sources */ = {isa = PBXBuildFile; fileRef = 8A7FABB82BCE526B00C64AF0 /* NetworkManager.swift */; };
		8A7FABBD2BCE58F600C64AF0 /* VisionAPI.swift in Sources */ = {isa = PBXBuildFile; fileRef = 8A7FABBC2BCE58F600C64AF0 /* VisionAPI.swift */; };
		8A7FABC52BCE612600C64AF0 /* APIConfig.swift in Sources */ = {isa = PBXBuildFile; fileRef = 8A7FABC42BCE612600C64AF0 /* APIConfig.swift */; };
		8A7FABC82BCE639400C64AF0 /* VisionRequestModel.swift in Sources */ = {isa = PBXBuildFile; fileRef = 8A7FABC72BCE639400C64AF0 /* VisionRequestModel.swift */; };
		8A7FABCA2BCE69CB00C64AF0 /* MarkerProvider.swift in Sources */ = {isa = PBXBuildFile; fileRef = 8A7FABC92BCE69CB00C64AF0 /* MarkerProvider.swift */; };
		8A7FABCD2BCF611800C64AF0 /* VisionResponseModel.swift in Sources */ = {isa = PBXBuildFile; fileRef = 8A7FABCC2BCF611800C64AF0 /* VisionResponseModel.swift */; };
		8A7FABD22BCF669100C64AF0 /* NetworkError.swift in Sources */ = {isa = PBXBuildFile; fileRef = 8A7FABD12BCF669100C64AF0 /* NetworkError.swift */; };
		8A7FABD62BCF6EF900C64AF0 /* VisionAPIService.swift in Sources */ = {isa = PBXBuildFile; fileRef = 8A7FABD52BCF6EF900C64AF0 /* VisionAPIService.swift */; };
		8A7FABD82BCFA61300C64AF0 /* SnapshotGenerator.swift in Sources */ = {isa = PBXBuildFile; fileRef = 8A7FABD72BCFA61300C64AF0 /* SnapshotGenerator.swift */; };
		8A7FABDB2BD0D26800C64AF0 /* GPTInformationViewController.swift in Sources */ = {isa = PBXBuildFile; fileRef = 8A7FABDA2BD0D26800C64AF0 /* GPTInformationViewController.swift */; };
		8A7FABE22BD1043A00C64AF0 /* TextImageGenerator.swift in Sources */ = {isa = PBXBuildFile; fileRef = 8A7FABE12BD1043A00C64AF0 /* TextImageGenerator.swift */; };
/* End PBXBuildFile section */

/* Begin PBXFileReference section */
		8A76D3F72BD25DC1000DFA8B /* ColoredSymbolProvider.swift */ = {isa = PBXFileReference; lastKnownFileType = sourcecode.swift; path = ColoredSymbolProvider.swift; sourceTree = "<group>"; };
		8A76D3FB2BD5EA3C000DFA8B /* SnapshotCreatable.swift */ = {isa = PBXFileReference; lastKnownFileType = sourcecode.swift; path = SnapshotCreatable.swift; sourceTree = "<group>"; };
		8A76D3FE2BD5EAEB000DFA8B /* TextImageCreatable.swift */ = {isa = PBXFileReference; lastKnownFileType = sourcecode.swift; path = TextImageCreatable.swift; sourceTree = "<group>"; };
		8A76D4022BD5EC0D000DFA8B /* ColoredSymbolProtocol.swift */ = {isa = PBXFileReference; lastKnownFileType = sourcecode.swift; path = ColoredSymbolProtocol.swift; sourceTree = "<group>"; };
		8A76D4052BD5F031000DFA8B /* MarkerImageModel.xcdatamodel */ = {isa = PBXFileReference; lastKnownFileType = wrapper.xcdatamodel; path = MarkerImageModel.xcdatamodel; sourceTree = "<group>"; };
		8A76D4072BD5F73F000DFA8B /* MarkerImageCoreData.swift */ = {isa = PBXFileReference; lastKnownFileType = sourcecode.swift; path = MarkerImageCoreData.swift; sourceTree = "<group>"; };
		8A76D4092BD5F956000DFA8B /* MarkerImageMO+CoreDataClass.swift */ = {isa = PBXFileReference; lastKnownFileType = sourcecode.swift; path = "MarkerImageMO+CoreDataClass.swift"; sourceTree = "<group>"; };
		8A76D40A2BD5F956000DFA8B /* MarkerImageMO+CoreDataProperties.swift */ = {isa = PBXFileReference; lastKnownFileType = sourcecode.swift; path = "MarkerImageMO+CoreDataProperties.swift"; sourceTree = "<group>"; };
		8A76D40E2BD6228A000DFA8B /* MarkerImageManager.swift */ = {isa = PBXFileReference; lastKnownFileType = sourcecode.swift; path = MarkerImageManager.swift; sourceTree = "<group>"; };
		8A76D4102BD62D0F000DFA8B /* PhotoUploadViewController.swift */ = {isa = PBXFileReference; lastKnownFileType = sourcecode.swift; path = PhotoUploadViewController.swift; sourceTree = "<group>"; };
		8A76D4132BD62EF9000DFA8B /* MarkerRegistrationView.swift */ = {isa = PBXFileReference; lastKnownFileType = sourcecode.swift; path = MarkerRegistrationView.swift; sourceTree = "<group>"; };
		8A76D4152BD65519000DFA8B /* MarkerImageCollectionViewController.swift */ = {isa = PBXFileReference; lastKnownFileType = sourcecode.swift; path = MarkerImageCollectionViewController.swift; sourceTree = "<group>"; };
		8A76D4192BD79795000DFA8B /* MarkerImageMO+Mapping.swift */ = {isa = PBXFileReference; lastKnownFileType = sourcecode.swift; path = "MarkerImageMO+Mapping.swift"; sourceTree = "<group>"; };
		8A7FAB8D2BCE371400C64AF0 /* AR-GPT-ImageDetection.app */ = {isa = PBXFileReference; explicitFileType = wrapper.application; includeInIndex = 0; path = "AR-GPT-ImageDetection.app"; sourceTree = BUILT_PRODUCTS_DIR; };
		8A7FAB902BCE371400C64AF0 /* AppDelegate.swift */ = {isa = PBXFileReference; lastKnownFileType = sourcecode.swift; path = AppDelegate.swift; sourceTree = "<group>"; };
		8A7FAB922BCE371400C64AF0 /* SceneDelegate.swift */ = {isa = PBXFileReference; lastKnownFileType = sourcecode.swift; path = SceneDelegate.swift; sourceTree = "<group>"; };
		8A7FAB992BCE371500C64AF0 /* Assets.xcassets */ = {isa = PBXFileReference; lastKnownFileType = folder.assetcatalog; path = Assets.xcassets; sourceTree = "<group>"; };
		8A7FAB9C2BCE371500C64AF0 /* Base */ = {isa = PBXFileReference; lastKnownFileType = file.storyboard; name = Base; path = Base.lproj/LaunchScreen.storyboard; sourceTree = "<group>"; };
		8A7FAB9E2BCE371500C64AF0 /* Info.plist */ = {isa = PBXFileReference; lastKnownFileType = text.plist.xml; path = Info.plist; sourceTree = "<group>"; };
		8A7FABA82BCE3F2300C64AF0 /* AGITabBarController.swift */ = {isa = PBXFileReference; lastKnownFileType = sourcecode.swift; path = AGITabBarController.swift; sourceTree = "<group>"; };
		8A7FABAE2BCE41A200C64AF0 /* MarkerRegistrationViewController.swift */ = {isa = PBXFileReference; lastKnownFileType = sourcecode.swift; path = MarkerRegistrationViewController.swift; sourceTree = "<group>"; };
		8A7FABB12BCE41BD00C64AF0 /* ImageDetectionViewController.swift */ = {isa = PBXFileReference; lastKnownFileType = sourcecode.swift; path = ImageDetectionViewController.swift; sourceTree = "<group>"; };
		8A7FABB52BCE474300C64AF0 /* MarkerImage.swift */ = {isa = PBXFileReference; lastKnownFileType = sourcecode.swift; path = MarkerImage.swift; sourceTree = "<group>"; };
		8A7FABB82BCE526B00C64AF0 /* NetworkManager.swift */ = {isa = PBXFileReference; lastKnownFileType = sourcecode.swift; path = NetworkManager.swift; sourceTree = "<group>"; };
		8A7FABBC2BCE58F600C64AF0 /* VisionAPI.swift */ = {isa = PBXFileReference; lastKnownFileType = sourcecode.swift; path = VisionAPI.swift; sourceTree = "<group>"; };
		8A7FABC22BCE60E100C64AF0 /* Config.xcconfig */ = {isa = PBXFileReference; lastKnownFileType = text.xcconfig; path = Config.xcconfig; sourceTree = "<group>"; };
		8A7FABC42BCE612600C64AF0 /* APIConfig.swift */ = {isa = PBXFileReference; lastKnownFileType = sourcecode.swift; path = APIConfig.swift; sourceTree = "<group>"; };
		8A7FABC72BCE639400C64AF0 /* VisionRequestModel.swift */ = {isa = PBXFileReference; lastKnownFileType = sourcecode.swift; path = VisionRequestModel.swift; sourceTree = "<group>"; };
		8A7FABC92BCE69CB00C64AF0 /* MarkerProvider.swift */ = {isa = PBXFileReference; lastKnownFileType = sourcecode.swift; path = MarkerProvider.swift; sourceTree = "<group>"; };
		8A7FABCC2BCF611800C64AF0 /* VisionResponseModel.swift */ = {isa = PBXFileReference; lastKnownFileType = sourcecode.swift; path = VisionResponseModel.swift; sourceTree = "<group>"; };
		8A7FABD12BCF669100C64AF0 /* NetworkError.swift */ = {isa = PBXFileReference; lastKnownFileType = sourcecode.swift; path = NetworkError.swift; sourceTree = "<group>"; };
		8A7FABD52BCF6EF900C64AF0 /* VisionAPIService.swift */ = {isa = PBXFileReference; lastKnownFileType = sourcecode.swift; path = VisionAPIService.swift; sourceTree = "<group>"; };
		8A7FABD72BCFA61300C64AF0 /* SnapshotGenerator.swift */ = {isa = PBXFileReference; lastKnownFileType = sourcecode.swift; path = SnapshotGenerator.swift; sourceTree = "<group>"; };
		8A7FABDA2BD0D26800C64AF0 /* GPTInformationViewController.swift */ = {isa = PBXFileReference; lastKnownFileType = sourcecode.swift; path = GPTInformationViewController.swift; sourceTree = "<group>"; };
		8A7FABE12BD1043A00C64AF0 /* TextImageGenerator.swift */ = {isa = PBXFileReference; lastKnownFileType = sourcecode.swift; path = TextImageGenerator.swift; sourceTree = "<group>"; };
/* End PBXFileReference section */

/* Begin PBXFrameworksBuildPhase section */
		8A7FAB8A2BCE371400C64AF0 /* Frameworks */ = {
			isa = PBXFrameworksBuildPhase;
			buildActionMask = 2147483647;
			files = (
			);
			runOnlyForDeploymentPostprocessing = 0;
		};
/* End PBXFrameworksBuildPhase section */

/* Begin PBXGroup section */
		8A76D3F92BD5E9DC000DFA8B /* Interface */ = {
			isa = PBXGroup;
			children = (
				8A76D3FB2BD5EA3C000DFA8B /* SnapshotCreatable.swift */,
				8A76D3FE2BD5EAEB000DFA8B /* TextImageCreatable.swift */,
				8A76D4022BD5EC0D000DFA8B /* ColoredSymbolProtocol.swift */,
			);
			path = Interface;
			sourceTree = "<group>";
		};
		8A76D3FA2BD5E9E5000DFA8B /* Implementation */ = {
			isa = PBXGroup;
			children = (
				8A7FABD72BCFA61300C64AF0 /* SnapshotGenerator.swift */,
				8A7FABE12BD1043A00C64AF0 /* TextImageGenerator.swift */,
				8A76D3F72BD25DC1000DFA8B /* ColoredSymbolProvider.swift */,
			);
			path = Implementation;
			sourceTree = "<group>";
		};
		8A76D40D2BD61FB8000DFA8B /* Utility */ = {
			isa = PBXGroup;
			children = (
				8A76D40E2BD6228A000DFA8B /* MarkerImageManager.swift */,
			);
			path = Utility;
			sourceTree = "<group>";
		};
		8A76D4122BD62ED8000DFA8B /* View */ = {
			isa = PBXGroup;
			children = (
				8A76D4132BD62EF9000DFA8B /* MarkerRegistrationView.swift */,
			);
			path = View;
			sourceTree = "<group>";
		};
		8A76D41C2BD799CC000DFA8B /* CoreData */ = {
			isa = PBXGroup;
			children = (
				8A76D4042BD5F031000DFA8B /* MarkerImageModel.xcdatamodeld */,
				8A76D4192BD79795000DFA8B /* MarkerImageMO+Mapping.swift */,
				8A76D4092BD5F956000DFA8B /* MarkerImageMO+CoreDataClass.swift */,
				8A76D40A2BD5F956000DFA8B /* MarkerImageMO+CoreDataProperties.swift */,
			);
			path = CoreData;
			sourceTree = "<group>";
		};
		8A7FAB842BCE371400C64AF0 = {
			isa = PBXGroup;
			children = (
				8A76D41C2BD799CC000DFA8B /* CoreData */,
				8A7FAB8F2BCE371400C64AF0 /* AR-GPT-ImageDetection */,
				8A7FAB8E2BCE371400C64AF0 /* Products */,
			);
			sourceTree = "<group>";
		};
		8A7FAB8E2BCE371400C64AF0 /* Products */ = {
			isa = PBXGroup;
			children = (
				8A7FAB8D2BCE371400C64AF0 /* AR-GPT-ImageDetection.app */,
			);
			name = Products;
			sourceTree = "<group>";
		};
		8A7FAB8F2BCE371400C64AF0 /* AR-GPT-ImageDetection */ = {
			isa = PBXGroup;
			children = (
				8A7FABA72BCE3DE100C64AF0 /* App */,
				8A7FABA42BCE3D8500C64AF0 /* MarkerRegistration */,
				8A7FABA52BCE3D8F00C64AF0 /* ImageDetection */,
				8A7FABA62BCE3DB900C64AF0 /* GPTInformation */,
				8A7FABB72BCE51D100C64AF0 /* Network */,
				8A7FABC02BCE5E5B00C64AF0 /* Resources */,
				8A7FABC12BCE5E6900C64AF0 /* Supports */,
			);
			path = "AR-GPT-ImageDetection";
			sourceTree = "<group>";
		};
		8A7FABA42BCE3D8500C64AF0 /* MarkerRegistration */ = {
			isa = PBXGroup;
			children = (
				8A76D40D2BD61FB8000DFA8B /* Utility */,
				8A7FABB42BCE473200C64AF0 /* Model */,
				8A76D4122BD62ED8000DFA8B /* View */,
				8A7FABAC2BCE416E00C64AF0 /* Controller */,
			);
			path = MarkerRegistration;
			sourceTree = "<group>";
		};
		8A7FABA52BCE3D8F00C64AF0 /* ImageDetection */ = {
			isa = PBXGroup;
			children = (
				8A7FABE02BD103AA00C64AF0 /* Utility */,
				8A7FABCB2BCE6A2B00C64AF0 /* Model */,
				8A7FABAD2BCE417A00C64AF0 /* Controller */,
			);
			path = ImageDetection;
			sourceTree = "<group>";
		};
		8A7FABA62BCE3DB900C64AF0 /* GPTInformation */ = {
			isa = PBXGroup;
			children = (
				8A7FABD92BD0D22A00C64AF0 /* Controller */,
			);
			path = GPTInformation;
			sourceTree = "<group>";
		};
		8A7FABA72BCE3DE100C64AF0 /* App */ = {
			isa = PBXGroup;
			children = (
				8A7FAB902BCE371400C64AF0 /* AppDelegate.swift */,
				8A7FAB922BCE371400C64AF0 /* SceneDelegate.swift */,
				8A7FABA82BCE3F2300C64AF0 /* AGITabBarController.swift */,
			);
			path = App;
			sourceTree = "<group>";
		};
		8A7FABAC2BCE416E00C64AF0 /* Controller */ = {
			isa = PBXGroup;
			children = (
				8A7FABAE2BCE41A200C64AF0 /* MarkerRegistrationViewController.swift */,
				8A76D4102BD62D0F000DFA8B /* PhotoUploadViewController.swift */,
				8A76D4152BD65519000DFA8B /* MarkerImageCollectionViewController.swift */,
			);
			path = Controller;
			sourceTree = "<group>";
		};
		8A7FABAD2BCE417A00C64AF0 /* Controller */ = {
			isa = PBXGroup;
			children = (
				8A7FABB12BCE41BD00C64AF0 /* ImageDetectionViewController.swift */,
			);
			path = Controller;
			sourceTree = "<group>";
		};
		8A7FABB42BCE473200C64AF0 /* Model */ = {
			isa = PBXGroup;
			children = (
				8A7FABB52BCE474300C64AF0 /* MarkerImage.swift */,
				8A76D4072BD5F73F000DFA8B /* MarkerImageCoreData.swift */,
			);
			path = Model;
			sourceTree = "<group>";
		};
		8A7FABB72BCE51D100C64AF0 /* Network */ = {
			isa = PBXGroup;
			children = (
				8A7FABC32BCE611C00C64AF0 /* Utility */,
				8A7FABD32BCF6ECC00C64AF0 /* Foundation */,
				8A7FABD42BCF6ED500C64AF0 /* Service */,
				8A7FABBB2BCE58E600C64AF0 /* API */,
				8A7FABC62BCE637200C64AF0 /* Model */,
				8A7FABD02BCF667200C64AF0 /* Error */,
			);
			path = Network;
			sourceTree = "<group>";
		};
		8A7FABBB2BCE58E600C64AF0 /* API */ = {
			isa = PBXGroup;
			children = (
				8A7FABBC2BCE58F600C64AF0 /* VisionAPI.swift */,
			);
			path = API;
			sourceTree = "<group>";
		};
		8A7FABC02BCE5E5B00C64AF0 /* Resources */ = {
			isa = PBXGroup;
			children = (
				8A7FAB992BCE371500C64AF0 /* Assets.xcassets */,
				8A7FAB9B2BCE371500C64AF0 /* LaunchScreen.storyboard */,
			);
			path = Resources;
			sourceTree = "<group>";
		};
		8A7FABC12BCE5E6900C64AF0 /* Supports */ = {
			isa = PBXGroup;
			children = (
				8A7FAB9E2BCE371500C64AF0 /* Info.plist */,
				8A7FABC22BCE60E100C64AF0 /* Config.xcconfig */,
			);
			path = Supports;
			sourceTree = "<group>";
		};
		8A7FABC32BCE611C00C64AF0 /* Utility */ = {
			isa = PBXGroup;
			children = (
				8A7FABC42BCE612600C64AF0 /* APIConfig.swift */,
			);
			path = Utility;
			sourceTree = "<group>";
		};
		8A7FABC62BCE637200C64AF0 /* Model */ = {
			isa = PBXGroup;
			children = (
				8A7FABC72BCE639400C64AF0 /* VisionRequestModel.swift */,
				8A7FABCC2BCF611800C64AF0 /* VisionResponseModel.swift */,
			);
			path = Model;
			sourceTree = "<group>";
		};
		8A7FABCB2BCE6A2B00C64AF0 /* Model */ = {
			isa = PBXGroup;
			children = (
				8A7FABC92BCE69CB00C64AF0 /* MarkerProvider.swift */,
			);
			path = Model;
			sourceTree = "<group>";
		};
		8A7FABD02BCF667200C64AF0 /* Error */ = {
			isa = PBXGroup;
			children = (
				8A7FABD12BCF669100C64AF0 /* NetworkError.swift */,
			);
			path = Error;
			sourceTree = "<group>";
		};
		8A7FABD32BCF6ECC00C64AF0 /* Foundation */ = {
			isa = PBXGroup;
			children = (
				8A7FABB82BCE526B00C64AF0 /* NetworkManager.swift */,
			);
			path = Foundation;
			sourceTree = "<group>";
		};
		8A7FABD42BCF6ED500C64AF0 /* Service */ = {
			isa = PBXGroup;
			children = (
				8A7FABD52BCF6EF900C64AF0 /* VisionAPIService.swift */,
			);
			path = Service;
			sourceTree = "<group>";
		};
		8A7FABD92BD0D22A00C64AF0 /* Controller */ = {
			isa = PBXGroup;
			children = (
				8A7FABDA2BD0D26800C64AF0 /* GPTInformationViewController.swift */,
			);
			path = Controller;
			sourceTree = "<group>";
		};
		8A7FABE02BD103AA00C64AF0 /* Utility */ = {
			isa = PBXGroup;
			children = (
				8A76D3F92BD5E9DC000DFA8B /* Interface */,
				8A76D3FA2BD5E9E5000DFA8B /* Implementation */,
			);
			path = Utility;
			sourceTree = "<group>";
		};
/* End PBXGroup section */

/* Begin PBXNativeTarget section */
		8A7FAB8C2BCE371400C64AF0 /* AR-GPT-ImageDetection */ = {
			isa = PBXNativeTarget;
			buildConfigurationList = 8A7FABA12BCE371500C64AF0 /* Build configuration list for PBXNativeTarget "AR-GPT-ImageDetection" */;
			buildPhases = (
				8A7FAB892BCE371400C64AF0 /* Sources */,
				8A7FAB8A2BCE371400C64AF0 /* Frameworks */,
				8A7FAB8B2BCE371400C64AF0 /* Resources */,
			);
			buildRules = (
			);
			dependencies = (
			);
			name = "AR-GPT-ImageDetection";
			productName = "AR-GPT-ImageDetection";
			productReference = 8A7FAB8D2BCE371400C64AF0 /* AR-GPT-ImageDetection.app */;
			productType = "com.apple.product-type.application";
		};
/* End PBXNativeTarget section */

/* Begin PBXProject section */
		8A7FAB852BCE371400C64AF0 /* Project object */ = {
			isa = PBXProject;
			attributes = {
				BuildIndependentTargetsInParallel = 1;
				LastSwiftUpdateCheck = 1530;
				LastUpgradeCheck = 1530;
				TargetAttributes = {
					8A7FAB8C2BCE371400C64AF0 = {
						CreatedOnToolsVersion = 15.3;
					};
				};
			};
			buildConfigurationList = 8A7FAB882BCE371400C64AF0 /* Build configuration list for PBXProject "AR-GPT-ImageDetection" */;
			compatibilityVersion = "Xcode 14.0";
			developmentRegion = en;
			hasScannedForEncodings = 0;
			knownRegions = (
				en,
				Base,
			);
			mainGroup = 8A7FAB842BCE371400C64AF0;
			productRefGroup = 8A7FAB8E2BCE371400C64AF0 /* Products */;
			projectDirPath = "";
			projectRoot = "";
			targets = (
				8A7FAB8C2BCE371400C64AF0 /* AR-GPT-ImageDetection */,
			);
		};
/* End PBXProject section */

/* Begin PBXResourcesBuildPhase section */
		8A7FAB8B2BCE371400C64AF0 /* Resources */ = {
			isa = PBXResourcesBuildPhase;
			buildActionMask = 2147483647;
			files = (
				8A7FAB9A2BCE371500C64AF0 /* Assets.xcassets in Resources */,
				8A7FAB9D2BCE371500C64AF0 /* Base in Resources */,
			);
			runOnlyForDeploymentPostprocessing = 0;
		};
/* End PBXResourcesBuildPhase section */

/* Begin PBXSourcesBuildPhase section */
		8A7FAB892BCE371400C64AF0 /* Sources */ = {
			isa = PBXSourcesBuildPhase;
			buildActionMask = 2147483647;
			files = (
				8A76D40B2BD5F956000DFA8B /* MarkerImageMO+CoreDataClass.swift in Sources */,
				8A76D40C2BD5F956000DFA8B /* MarkerImageMO+CoreDataProperties.swift in Sources */,
				8A76D4162BD65519000DFA8B /* MarkerImageCollectionViewController.swift in Sources */,
				8A7FABCA2BCE69CB00C64AF0 /* MarkerProvider.swift in Sources */,
				8A7FABDB2BD0D26800C64AF0 /* GPTInformationViewController.swift in Sources */,
				8A76D4032BD5EC0D000DFA8B /* ColoredSymbolProtocol.swift in Sources */,
				8A76D3FC2BD5EA3C000DFA8B /* SnapshotCreatable.swift in Sources */,
				8A7FABD22BCF669100C64AF0 /* NetworkError.swift in Sources */,
				8A7FABA92BCE3F2300C64AF0 /* AGITabBarController.swift in Sources */,
				8A76D3F82BD25DC1000DFA8B /* ColoredSymbolProvider.swift in Sources */,
				8A7FABC82BCE639400C64AF0 /* VisionRequestModel.swift in Sources */,
				8A7FABB22BCE41BD00C64AF0 /* ImageDetectionViewController.swift in Sources */,
				8A76D4142BD62EF9000DFA8B /* MarkerRegistrationView.swift in Sources */,
				8A76D4082BD5F73F000DFA8B /* MarkerImageCoreData.swift in Sources */,
				8A7FABCD2BCF611800C64AF0 /* VisionResponseModel.swift in Sources */,
				8A7FABC52BCE612600C64AF0 /* APIConfig.swift in Sources */,
				8A76D3FF2BD5EAEB000DFA8B /* TextImageCreatable.swift in Sources */,
				8A7FABB62BCE474300C64AF0 /* MarkerImage.swift in Sources */,
				8A7FABD82BCFA61300C64AF0 /* SnapshotGenerator.swift in Sources */,
				8A76D4112BD62D0F000DFA8B /* PhotoUploadViewController.swift in Sources */,
				8A7FABB92BCE526B00C64AF0 /* NetworkManager.swift in Sources */,
				8A7FABE22BD1043A00C64AF0 /* TextImageGenerator.swift in Sources */,
				8A7FABBD2BCE58F600C64AF0 /* VisionAPI.swift in Sources */,
				8A7FABD62BCF6EF900C64AF0 /* VisionAPIService.swift in Sources */,
				8A7FAB912BCE371400C64AF0 /* AppDelegate.swift in Sources */,
				8A76D4062BD5F031000DFA8B /* MarkerImageModel.xcdatamodeld in Sources */,
				8A76D41A2BD79795000DFA8B /* MarkerImageMO+Mapping.swift in Sources */,
				8A76D40F2BD6228A000DFA8B /* MarkerImageManager.swift in Sources */,
				8A7FABAF2BCE41A200C64AF0 /* MarkerRegistrationViewController.swift in Sources */,
				8A7FAB932BCE371400C64AF0 /* SceneDelegate.swift in Sources */,
			);
			runOnlyForDeploymentPostprocessing = 0;
		};
/* End PBXSourcesBuildPhase section */

/* Begin PBXVariantGroup section */
		8A7FAB9B2BCE371500C64AF0 /* LaunchScreen.storyboard */ = {
			isa = PBXVariantGroup;
			children = (
				8A7FAB9C2BCE371500C64AF0 /* Base */,
			);
			name = LaunchScreen.storyboard;
			sourceTree = "<group>";
		};
/* End PBXVariantGroup section */

/* Begin XCBuildConfiguration section */
		8A7FAB9F2BCE371500C64AF0 /* Debug */ = {
			isa = XCBuildConfiguration;
			buildSettings = {
				ALWAYS_SEARCH_USER_PATHS = NO;
				ASSETCATALOG_COMPILER_GENERATE_SWIFT_ASSET_SYMBOL_EXTENSIONS = YES;
				CLANG_ANALYZER_NONNULL = YES;
				CLANG_ANALYZER_NUMBER_OBJECT_CONVERSION = YES_AGGRESSIVE;
				CLANG_CXX_LANGUAGE_STANDARD = "gnu++20";
				CLANG_ENABLE_MODULES = YES;
				CLANG_ENABLE_OBJC_ARC = YES;
				CLANG_ENABLE_OBJC_WEAK = YES;
				CLANG_WARN_BLOCK_CAPTURE_AUTORELEASING = YES;
				CLANG_WARN_BOOL_CONVERSION = YES;
				CLANG_WARN_COMMA = YES;
				CLANG_WARN_CONSTANT_CONVERSION = YES;
				CLANG_WARN_DEPRECATED_OBJC_IMPLEMENTATIONS = YES;
				CLANG_WARN_DIRECT_OBJC_ISA_USAGE = YES_ERROR;
				CLANG_WARN_DOCUMENTATION_COMMENTS = YES;
				CLANG_WARN_EMPTY_BODY = YES;
				CLANG_WARN_ENUM_CONVERSION = YES;
				CLANG_WARN_INFINITE_RECURSION = YES;
				CLANG_WARN_INT_CONVERSION = YES;
				CLANG_WARN_NON_LITERAL_NULL_CONVERSION = YES;
				CLANG_WARN_OBJC_IMPLICIT_RETAIN_SELF = YES;
				CLANG_WARN_OBJC_LITERAL_CONVERSION = YES;
				CLANG_WARN_OBJC_ROOT_CLASS = YES_ERROR;
				CLANG_WARN_QUOTED_INCLUDE_IN_FRAMEWORK_HEADER = YES;
				CLANG_WARN_RANGE_LOOP_ANALYSIS = YES;
				CLANG_WARN_STRICT_PROTOTYPES = YES;
				CLANG_WARN_SUSPICIOUS_MOVE = YES;
				CLANG_WARN_UNGUARDED_AVAILABILITY = YES_AGGRESSIVE;
				CLANG_WARN_UNREACHABLE_CODE = YES;
				CLANG_WARN__DUPLICATE_METHOD_MATCH = YES;
				COPY_PHASE_STRIP = NO;
				DEBUG_INFORMATION_FORMAT = dwarf;
				ENABLE_STRICT_OBJC_MSGSEND = YES;
				ENABLE_TESTABILITY = YES;
				ENABLE_USER_SCRIPT_SANDBOXING = YES;
				GCC_C_LANGUAGE_STANDARD = gnu17;
				GCC_DYNAMIC_NO_PIC = NO;
				GCC_NO_COMMON_BLOCKS = YES;
				GCC_OPTIMIZATION_LEVEL = 0;
				GCC_PREPROCESSOR_DEFINITIONS = (
					"DEBUG=1",
					"$(inherited)",
				);
				GCC_WARN_64_TO_32_BIT_CONVERSION = YES;
				GCC_WARN_ABOUT_RETURN_TYPE = YES_ERROR;
				GCC_WARN_UNDECLARED_SELECTOR = YES;
				GCC_WARN_UNINITIALIZED_AUTOS = YES_AGGRESSIVE;
				GCC_WARN_UNUSED_FUNCTION = YES;
				GCC_WARN_UNUSED_VARIABLE = YES;
				IPHONEOS_DEPLOYMENT_TARGET = 17.4;
				LOCALIZATION_PREFERS_STRING_CATALOGS = YES;
				MTL_ENABLE_DEBUG_INFO = INCLUDE_SOURCE;
				MTL_FAST_MATH = YES;
				ONLY_ACTIVE_ARCH = YES;
				SDKROOT = iphoneos;
				SWIFT_ACTIVE_COMPILATION_CONDITIONS = "DEBUG $(inherited)";
				SWIFT_OPTIMIZATION_LEVEL = "-Onone";
			};
			name = Debug;
		};
		8A7FABA02BCE371500C64AF0 /* Release */ = {
			isa = XCBuildConfiguration;
			buildSettings = {
				ALWAYS_SEARCH_USER_PATHS = NO;
				ASSETCATALOG_COMPILER_GENERATE_SWIFT_ASSET_SYMBOL_EXTENSIONS = YES;
				CLANG_ANALYZER_NONNULL = YES;
				CLANG_ANALYZER_NUMBER_OBJECT_CONVERSION = YES_AGGRESSIVE;
				CLANG_CXX_LANGUAGE_STANDARD = "gnu++20";
				CLANG_ENABLE_MODULES = YES;
				CLANG_ENABLE_OBJC_ARC = YES;
				CLANG_ENABLE_OBJC_WEAK = YES;
				CLANG_WARN_BLOCK_CAPTURE_AUTORELEASING = YES;
				CLANG_WARN_BOOL_CONVERSION = YES;
				CLANG_WARN_COMMA = YES;
				CLANG_WARN_CONSTANT_CONVERSION = YES;
				CLANG_WARN_DEPRECATED_OBJC_IMPLEMENTATIONS = YES;
				CLANG_WARN_DIRECT_OBJC_ISA_USAGE = YES_ERROR;
				CLANG_WARN_DOCUMENTATION_COMMENTS = YES;
				CLANG_WARN_EMPTY_BODY = YES;
				CLANG_WARN_ENUM_CONVERSION = YES;
				CLANG_WARN_INFINITE_RECURSION = YES;
				CLANG_WARN_INT_CONVERSION = YES;
				CLANG_WARN_NON_LITERAL_NULL_CONVERSION = YES;
				CLANG_WARN_OBJC_IMPLICIT_RETAIN_SELF = YES;
				CLANG_WARN_OBJC_LITERAL_CONVERSION = YES;
				CLANG_WARN_OBJC_ROOT_CLASS = YES_ERROR;
				CLANG_WARN_QUOTED_INCLUDE_IN_FRAMEWORK_HEADER = YES;
				CLANG_WARN_RANGE_LOOP_ANALYSIS = YES;
				CLANG_WARN_STRICT_PROTOTYPES = YES;
				CLANG_WARN_SUSPICIOUS_MOVE = YES;
				CLANG_WARN_UNGUARDED_AVAILABILITY = YES_AGGRESSIVE;
				CLANG_WARN_UNREACHABLE_CODE = YES;
				CLANG_WARN__DUPLICATE_METHOD_MATCH = YES;
				COPY_PHASE_STRIP = NO;
				DEBUG_INFORMATION_FORMAT = "dwarf-with-dsym";
				ENABLE_NS_ASSERTIONS = NO;
				ENABLE_STRICT_OBJC_MSGSEND = YES;
				ENABLE_USER_SCRIPT_SANDBOXING = YES;
				GCC_C_LANGUAGE_STANDARD = gnu17;
				GCC_NO_COMMON_BLOCKS = YES;
				GCC_WARN_64_TO_32_BIT_CONVERSION = YES;
				GCC_WARN_ABOUT_RETURN_TYPE = YES_ERROR;
				GCC_WARN_UNDECLARED_SELECTOR = YES;
				GCC_WARN_UNINITIALIZED_AUTOS = YES_AGGRESSIVE;
				GCC_WARN_UNUSED_FUNCTION = YES;
				GCC_WARN_UNUSED_VARIABLE = YES;
				IPHONEOS_DEPLOYMENT_TARGET = 17.4;
				LOCALIZATION_PREFERS_STRING_CATALOGS = YES;
				MTL_ENABLE_DEBUG_INFO = NO;
				MTL_FAST_MATH = YES;
				SDKROOT = iphoneos;
				SWIFT_COMPILATION_MODE = wholemodule;
				VALIDATE_PRODUCT = YES;
			};
			name = Release;
		};
		8A7FABA22BCE371500C64AF0 /* Debug */ = {
			isa = XCBuildConfiguration;
			baseConfigurationReference = 8A7FABC22BCE60E100C64AF0 /* Config.xcconfig */;
			buildSettings = {
				ASSETCATALOG_COMPILER_APPICON_NAME = AppIcon;
				ASSETCATALOG_COMPILER_GLOBAL_ACCENT_COLOR_NAME = AccentColor;
				CODE_SIGN_STYLE = Automatic;
				CURRENT_PROJECT_VERSION = 1;
				DEVELOPMENT_TEAM = KZR26756C4;
				GENERATE_INFOPLIST_FILE = YES;
				INFOPLIST_FILE = "AR-GPT-ImageDetection/Supports/Info.plist";
				INFOPLIST_KEY_UIApplicationSupportsIndirectInputEvents = YES;
				INFOPLIST_KEY_UILaunchStoryboardName = LaunchScreen;
				INFOPLIST_KEY_UIMainStoryboardFile = "";
				INFOPLIST_KEY_UISupportedInterfaceOrientations_iPad = "UIInterfaceOrientationPortrait UIInterfaceOrientationPortraitUpsideDown UIInterfaceOrientationLandscapeLeft UIInterfaceOrientationLandscapeRight";
				INFOPLIST_KEY_UISupportedInterfaceOrientations_iPhone = "UIInterfaceOrientationPortrait UIInterfaceOrientationLandscapeLeft UIInterfaceOrientationLandscapeRight";
				LD_RUNPATH_SEARCH_PATHS = (
					"$(inherited)",
					"@executable_path/Frameworks",
				);
				MARKETING_VERSION = 1.0;
				PRODUCT_BUNDLE_IDENTIFIER = "eensungkim.AR-GPT-ImageDetection";
				PRODUCT_NAME = "$(TARGET_NAME)";
				SWIFT_EMIT_LOC_STRINGS = YES;
				SWIFT_VERSION = 5.0;
				TARGETED_DEVICE_FAMILY = "1,2";
			};
			name = Debug;
		};
		8A7FABA32BCE371500C64AF0 /* Release */ = {
			isa = XCBuildConfiguration;
			baseConfigurationReference = 8A7FABC22BCE60E100C64AF0 /* Config.xcconfig */;
			buildSettings = {
				ASSETCATALOG_COMPILER_APPICON_NAME = AppIcon;
				ASSETCATALOG_COMPILER_GLOBAL_ACCENT_COLOR_NAME = AccentColor;
				CODE_SIGN_STYLE = Automatic;
				CURRENT_PROJECT_VERSION = 1;
				DEVELOPMENT_TEAM = KZR26756C4;
				GENERATE_INFOPLIST_FILE = YES;
				INFOPLIST_FILE = "AR-GPT-ImageDetection/Supports/Info.plist";
				INFOPLIST_KEY_UIApplicationSupportsIndirectInputEvents = YES;
				INFOPLIST_KEY_UILaunchStoryboardName = LaunchScreen;
				INFOPLIST_KEY_UIMainStoryboardFile = "";
				INFOPLIST_KEY_UISupportedInterfaceOrientations_iPad = "UIInterfaceOrientationPortrait UIInterfaceOrientationPortraitUpsideDown UIInterfaceOrientationLandscapeLeft UIInterfaceOrientationLandscapeRight";
				INFOPLIST_KEY_UISupportedInterfaceOrientations_iPhone = "UIInterfaceOrientationPortrait UIInterfaceOrientationLandscapeLeft UIInterfaceOrientationLandscapeRight";
				LD_RUNPATH_SEARCH_PATHS = (
					"$(inherited)",
					"@executable_path/Frameworks",
				);
				MARKETING_VERSION = 1.0;
				PRODUCT_BUNDLE_IDENTIFIER = "eensungkim.AR-GPT-ImageDetection";
				PRODUCT_NAME = "$(TARGET_NAME)";
				SWIFT_EMIT_LOC_STRINGS = YES;
				SWIFT_VERSION = 5.0;
				TARGETED_DEVICE_FAMILY = "1,2";
			};
			name = Release;
		};
/* End XCBuildConfiguration section */

/* Begin XCConfigurationList section */
		8A7FAB882BCE371400C64AF0 /* Build configuration list for PBXProject "AR-GPT-ImageDetection" */ = {
			isa = XCConfigurationList;
			buildConfigurations = (
				8A7FAB9F2BCE371500C64AF0 /* Debug */,
				8A7FABA02BCE371500C64AF0 /* Release */,
			);
			defaultConfigurationIsVisible = 0;
			defaultConfigurationName = Release;
		};
		8A7FABA12BCE371500C64AF0 /* Build configuration list for PBXNativeTarget "AR-GPT-ImageDetection" */ = {
			isa = XCConfigurationList;
			buildConfigurations = (
				8A7FABA22BCE371500C64AF0 /* Debug */,
				8A7FABA32BCE371500C64AF0 /* Release */,
			);
			defaultConfigurationIsVisible = 0;
			defaultConfigurationName = Release;
		};
/* End XCConfigurationList section */

/* Begin XCVersionGroup section */
		8A76D4042BD5F031000DFA8B /* MarkerImageModel.xcdatamodeld */ = {
			isa = XCVersionGroup;
			children = (
				8A76D4052BD5F031000DFA8B /* MarkerImageModel.xcdatamodel */,
			);
			currentVersion = 8A76D4052BD5F031000DFA8B /* MarkerImageModel.xcdatamodel */;
			path = MarkerImageModel.xcdatamodeld;
			sourceTree = "<group>";
			versionGroupType = wrapper.xcdatamodel;
		};
/* End XCVersionGroup section */
	};
	rootObject = 8A7FAB852BCE371400C64AF0 /* Project object */;
}
